
Microsoft Visual Studio Solution File, Format Version 12.00
# Visual Studio Version 17
VisualStudioVersion = 17.0.31903.59
MinimumVisualStudioVersion = 10.0.40219.1
Project("{FAE04EC0-301F-11D3-BF4B-00C04F79EFBC}") = "SimplePoll.CoreServer", "SimplePoll.CoreServer\SimplePoll.CoreServer.csproj", "{0037DAF2-0F19-4F6E-B789-7B04CEBF8307}"
EndProject
Project("{54A90642-561A-4BB1-A94E-469ADEE60C69}") = "SimplePoll.WebClient", "SimplePoll.WebClient\SimplePoll.WebClient.esproj", "{FBBFC882-4F3D-4DA8-9743-47A64F75F659}"
EndProject
Project("{FAE04EC0-301F-11D3-BF4B-00C04F79EFBC}") = "SimplePoll.WebApi", "SimplePoll.WebApi\SimplePoll.WebApi.csproj", "{4E70EAD8-139D-41A0-B895-1EC2FA582ABB}"
EndProject
Project("{FAE04EC0-301F-11D3-BF4B-00C04F79EFBC}") = "SimplePoll.Common", "SimplePoll.Common\SimplePoll.Common.csproj", "{EC6FA89D-935D-42A6-AD80-338022524AC5}"
EndProject
Global
	GlobalSection(SolutionConfigurationPlatforms) = preSolution
		Debug|Any CPU = Debug|Any CPU
		Release|Any CPU = Release|Any CPU
	EndGlobalSection
	GlobalSection(ProjectConfigurationPlatforms) = postSolution
		{0037DAF2-0F19-4F6E-B789-7B04CEBF8307}.Debug|Any CPU.ActiveCfg = Debug|Any CPU
		{0037DAF2-0F19-4F6E-B789-7B04CEBF8307}.Debug|Any CPU.Build.0 = Debug|Any CPU
		{0037DAF2-0F19-4F6E-B789-7B04CEBF8307}.Release|Any CPU.ActiveCfg = Release|Any CPU
		{0037DAF2-0F19-4F6E-B789-7B04CEBF8307}.Release|Any CPU.Build.0 = Release|Any CPU
		{FBBFC882-4F3D-4DA8-9743-47A64F75F659}.Debug|Any CPU.ActiveCfg = Debug|Any CPU
		{FBBFC882-4F3D-4DA8-9743-47A64F75F659}.Debug|Any CPU.Build.0 = Debug|Any CPU
		{FBBFC882-4F3D-4DA8-9743-47A64F75F659}.Debug|Any CPU.Deploy.0 = Debug|Any CPU
		{FBBFC882-4F3D-4DA8-9743-47A64F75F659}.Release|Any CPU.ActiveCfg = Release|Any CPU
		{FBBFC882-4F3D-4DA8-9743-47A64F75F659}.Release|Any CPU.Build.0 = Release|Any CPU
		{FBBFC882-4F3D-4DA8-9743-47A64F75F659}.Release|Any CPU.Deploy.0 = Release|Any CPU
		{4E70EAD8-139D-41A0-B895-1EC2FA582ABB}.Debug|Any CPU.ActiveCfg = Debug|Any CPU
		{4E70EAD8-139D-41A0-B895-1EC2FA582ABB}.Debug|Any CPU.Build.0 = Debug|Any CPU
		{4E70EAD8-139D-41A0-B895-1EC2FA582ABB}.Release|Any CPU.ActiveCfg = Release|Any CPU
		{4E70EAD8-139D-41A0-B895-1EC2FA582ABB}.Release|Any CPU.Build.0 = Release|Any CPU
		{EC6FA89D-935D-42A6-AD80-338022524AC5}.Debug|Any CPU.ActiveCfg = Debug|Any CPU
		{EC6FA89D-935D-42A6-AD80-338022524AC5}.Debug|Any CPU.Build.0 = Debug|Any CPU
		{EC6FA89D-935D-42A6-AD80-338022524AC5}.Release|Any CPU.ActiveCfg = Release|Any CPU
		{EC6FA89D-935D-42A6-AD80-338022524AC5}.Release|Any CPU.Build.0 = Release|Any CPU
	EndGlobalSection
	GlobalSection(SolutionProperties) = preSolution
		HideSolutionNode = FALSE
	EndGlobalSection
	GlobalSection(ExtensibilityGlobals) = postSolution
		SolutionGuid = {6B535F05-2C51-4024-ABBA-4203370F3B94}
	EndGlobalSection
EndGlobal
